version = 1
requires-python = "==3.10.*"
resolution-markers = [
    "platform_python_implementation != 'PyPy' and sys_platform == 'win32'",
    "platform_python_implementation == 'PyPy' or sys_platform != 'win32'",
]

[[package]]
name = "anndata"
version = "0.9.1"
source = { registry = "https://pypi.org/simple" }
dependencies = [
    { name = "h5py" },
    { name = "natsort" },
    { name = "numpy" },
    { name = "packaging" },
    { name = "pandas" },
    { name = "scipy" },
]
sdist = { url = "https://files.pythonhosted.org/packages/c6/c1/d06804ea281ffc877a43e7a5e38a685ca3be772df5e11e043089e75575d4/anndata-0.9.1.tar.gz", hash = "sha256:1f28f2c427e67b0b99bdd2b281717c92a12660dfd23e0694939b6e733f0eb2c4" }
wheels = [
    { url = "https://files.pythonhosted.org/packages/ef/3a/4611e83c2bfca85518535aad65efb15f68c2c7c0831054b3011e6fb9a90d/anndata-0.9.1-py3-none-any.whl", hash = "sha256:6666a39f9d6c4645a70115f38c17ccc2e2ffd9c0d08a1636c395253d73de26f1" },
]

[[package]]
name = "anysnake2-to-ancient-poetry-uv"
version = "0.1.0"
source = { virtual = "." , registry = "https://pypi.org/simple" }
dependencies = [
    { name = "dppd" },
    { name = "scanpy" },
    { name = "session-info" },
]

[package.metadata]
requires-dist = [
    { name = "dppd", specifier = "==0.26" },
    { name = "scanpy", specifier = "==1.9.3" },
    { name = "session-info", specifier = "==1.0.0" },
]

[[package]]
name = "colorama"
version = "0.4.6"
source = { registry = "https://pypi.org/simple" }
sdist = { url = "https://files.pythonhosted.org/packages/d8/53/6f443c9a4a8358a93a6792e2acffb9d9d5cb0a5cfd8802644b7b1c9a02e4/colorama-0.4.6.tar.gz", hash = "sha256:08695f5cb7ed6e0531a20572697297273c47b8cae5a63ffc6d6ed5c201be6e44" }
wheels = [
    { url = "https://files.pythonhosted.org/packages/d1/d6/3965ed04c63042e047cb6a3e6ed1a63a35087b6a609aa3a15ed8ac56c221/colorama-0.4.6-py2.py3-none-any.whl", hash = "sha256:4f1d9991f5acc0ca119f9d443620b77f9d6b33703e51011c16baf57afb285fc6" },
]

[[package]]
name = "contourpy"
version = "1.0.7"
source = { registry = "https://pypi.org/simple" }
dependencies = [
    { name = "numpy" },
]
sdist = { url = "https://files.pythonhosted.org/packages/b4/9b/6edb9d3e334a70a212f66a844188fcb57ddbd528cbc3b1fe7abfc317ddd7/contourpy-1.0.7.tar.gz", hash = "sha256:d8165a088d31798b59e91117d1f5fc3df8168d8b48c4acc10fc0df0d0bdbcc5e" }
wheels = [
    { url = "https://files.pythonhosted.org/packages/50/de/28740ce2298fee83d7ce2c935a122c8f38e46b6a904e7533ef32e7206e96/contourpy-1.0.7-cp310-cp310-macosx_10_9_universal2.whl", hash = "sha256:95c3acddf921944f241b6773b767f1cbce71d03307270e2d769fd584d5d1092d" },
    { url = "https://files.pythonhosted.org/packages/55/31/be8029093f8b1181f59f4d1f0438a7c60babaf6230947edb387e09ed5c1e/contourpy-1.0.7-cp310-cp310-macosx_10_9_x86_64.whl", hash = "sha256:fc1464c97579da9f3ab16763c32e5c5d5bb5fa1ec7ce509a4ca6108b61b84fab" },
    { url = "https://files.pythonhosted.org/packages/ec/56/7736333adc941087b0f86db37b0dffce83fd4e35400ab86ce1bf0690d04f/contourpy-1.0.7-cp310-cp310-macosx_11_0_arm64.whl", hash = "sha256:8acf74b5d383414401926c1598ed77825cd530ac7b463ebc2e4f46638f56cce6" },
    { url = "https://files.pythonhosted.org/packages/8d/cc/c8e32001298b50331348312ac2a965279ddf1c20d25e68ca596fd8a7aaa2/contourpy-1.0.7-cp310-cp310-manylinux_2_17_aarch64.manylinux2014_aarch64.whl", hash = "sha256:1c71fdd8f1c0f84ffd58fca37d00ca4ebaa9e502fb49825484da075ac0b0b803" },
    { url = "https://files.pythonhosted.org/packages/02/4d/009c25f6a3f27dab8fabd5e0f9eeb2bc2697bfcf533e9d07ee825d7fae22/contourpy-1.0.7-cp310-cp310-manylinux_2_17_i686.manylinux2014_i686.whl", hash = "sha256:f99e9486bf1bb979d95d5cffed40689cb595abb2b841f2991fc894b3452290e8" },
    { url = "https://files.pythonhosted.org/packages/ec/59/5eac40e348a7bf803cea221bcd27f74a49cb81667b400fdfbb680e86e7bb/contourpy-1.0.7-cp310-cp310-manylinux_2_17_x86_64.manylinux2014_x86_64.whl", hash = "sha256:87f4d8941a9564cda3f7fa6a6cd9b32ec575830780677932abdec7bcb61717b0" },
    { url = "https://files.pythonhosted.org/packages/31/d7/247a889a9c425197aeac5e31286f3050dee63aa3466c939aa302cdb2b6cb/contourpy-1.0.7-cp310-cp310-musllinux_1_1_aarch64.whl", hash = "sha256:9e20e5a1908e18aaa60d9077a6d8753090e3f85ca25da6e25d30dc0a9e84c2c6" },
    { url = "https://files.pythonhosted.org/packages/f2/de/7ddc513caca0e287434cd389855a5d2e185c22685fb1dc6789169dd858be/contourpy-1.0.7-cp310-cp310-musllinux_1_1_i686.whl", hash = "sha256:a877ada905f7d69b2a31796c4b66e31a8068b37aa9b78832d41c82fc3e056ddd" },
    { url = "https://files.pythonhosted.org/packages/82/5b/5eaf7098f38f1b98ed56993e87dd34a5c64e6abff6d4f11394ca2091e600/contourpy-1.0.7-cp310-cp310-musllinux_1_1_x86_64.whl", hash = "sha256:6381fa66866b0ea35e15d197fc06ac3840a9b2643a6475c8fff267db8b9f1e69" },
    { url = "https://files.pythonhosted.org/packages/cc/89/fae9ae6d8e9d1149bed7b0377a4ee77a40293bdd8b681212ab4af2c3fbb2/contourpy-1.0.7-cp310-cp310-win32.whl", hash = "sha256:3c184ad2433635f216645fdf0493011a4667e8d46b34082f5a3de702b6ec42e3" },
    { url = "https://files.pythonhosted.org/packages/b6/b8/6894c9e851f7442ebbc054537f56021c9ebc0691799ac4b92e380f3a2712/contourpy-1.0.7-cp310-cp310-win_amd64.whl", hash = "sha256:3caea6365b13119626ee996711ab63e0c9d7496f65641f4459c60a009a1f3e80" },
]

[[package]]
name = "cycler"
version = "0.11.0"
source = { registry = "https://pypi.org/simple" }
sdist = { url = "https://files.pythonhosted.org/packages/34/45/a7caaacbfc2fa60bee42effc4bcc7d7c6dbe9c349500e04f65a861c15eb9/cycler-0.11.0.tar.gz", hash = "sha256:9c87405839a19696e837b3b818fed3f5f69f16f1eec1a1ad77e043dcea9c772f" }
wheels = [
    { url = "https://files.pythonhosted.org/packages/5c/f9/695d6bedebd747e5eb0fe8fad57b72fdf25411273a39791cde838d5a8f51/cycler-0.11.0-py3-none-any.whl", hash = "sha256:3a27e95f763a428a739d2add979fa7494c912a32c17c4c38c4d5f082cad165a3" },
]

[[package]]
name = "dppd"
version = "0.26"
source = { registry = "https://pypi.org/simple" }
dependencies = [
    { name = "natsort" },
    { name = "numpy" },
    { name = "pandas" },
    { name = "wrapt" },
]
sdist = { url = "https://files.pythonhosted.org/packages/02/58/a56e8d1a3c246ec37120522b0093f0a4ff4d19998aa58996338bb3785235/dppd-0.26.tar.gz", hash = "sha256:14a9cd6e4110e72f7d3716c690e901119bd7fbe9b0e914b83263da695f2797db" }

[[package]]
name = "fonttools"
version = "4.39.3"
source = { registry = "https://pypi.org/simple" }
sdist = { url = "https://files.pythonhosted.org/packages/39/d7/ab05ae34dd57dd657e492d95ce7ec6bfebfb3bfcdc7316660ac5a13fcfee/fonttools-4.39.3.zip", hash = "sha256:9234b9f57b74e31b192c3fc32ef1a40750a8fbc1cd9837a7b7bfc4ca4a5c51d7" }
wheels = [
    { url = "https://files.pythonhosted.org/packages/16/07/1c7547e27f559ec078801d522cc4d5127cdd4ef8e831c8ddcd9584668a07/fonttools-4.39.3-py3-none-any.whl", hash = "sha256:64c0c05c337f826183637570ac5ab49ee220eec66cf50248e8df527edfa95aeb" },
]

[[package]]
name = "h5py"
version = "3.8.0"
source = { registry = "https://pypi.org/simple" }
dependencies = [
    { name = "numpy" },
]
sdist = { url = "https://files.pythonhosted.org/packages/69/f4/3172bb63d3c57e24aec42bb93fcf1da4102752701ab5ad10b3ded00d0c5b/h5py-3.8.0.tar.gz", hash = "sha256:6fead82f0c4000cf38d53f9c030780d81bfa0220218aee13b90b7701c937d95f" }
wheels = [
    { url = "https://files.pythonhosted.org/packages/cb/4b/36aa8d175fb7a93aa0689b2faefa6c5cf991ddd28f43d0014649fc5bbdc7/h5py-3.8.0-cp310-cp310-macosx_10_9_x86_64.whl", hash = "sha256:533d7dad466ddb7e3b30af274b630eb7c1a6e4ddf01d1c373a0334dc2152110a" },
    { url = "https://files.pythonhosted.org/packages/ea/c5/433bd152962f3183f1565e4f5088f0b58f2f297fa06aeb91fb8810f94243/h5py-3.8.0-cp310-cp310-macosx_11_0_arm64.whl", hash = "sha256:c873ba9fd4fa875ad62ce0e4891725e257a8fe7f5abdbc17e51a5d54819be55c" },
    { url = "https://files.pythonhosted.org/packages/44/e5/b44c63af6b645f53a4ef7598f09557e731846d5dbfadb68ed2f9a084c95d/h5py-3.8.0-cp310-cp310-manylinux_2_17_aarch64.manylinux2014_aarch64.whl", hash = "sha256:98a240cd4c1bfd568aaa52ec42d263131a2582dab82d74d3d42a0d954cac12be" },
    { url = "https://files.pythonhosted.org/packages/60/83/97cd80a14de14f68a0fbf2a6ba64b3bf62f1677f3724bdd7582122464dc0/h5py-3.8.0-cp310-cp310-manylinux_2_17_x86_64.manylinux2014_x86_64.whl", hash = "sha256:c3389b63222b1c7a158bb7fe69d11ca00066740ec5574596d47a2fe5317f563a" },
    { url = "https://files.pythonhosted.org/packages/72/6b/853345b1cbb06e6dfc1e0c4e012adec1bb755bb80703ada843de487fa437/h5py-3.8.0-cp310-cp310-win_amd64.whl", hash = "sha256:7f3350fc0a8407d668b13247861c2acd23f7f5fe7d060a3ad9b0820f5fcbcae0" },
]

[[package]]
name = "joblib"
version = "1.2.0"
source = { registry = "https://pypi.org/simple" }
sdist = { url = "https://files.pythonhosted.org/packages/45/dd/a5435a6902d6315241c48a5343e6e6675b007e05d3738ed97a7a47864e53/joblib-1.2.0.tar.gz", hash = "sha256:e1cee4a79e4af22881164f218d4311f60074197fb707e082e803b61f6d137018" }
wheels = [
    { url = "https://files.pythonhosted.org/packages/91/d4/3b4c8e5a30604df4c7518c562d4bf0502f2fa29221459226e140cf846512/joblib-1.2.0-py3-none-any.whl", hash = "sha256:091138ed78f800342968c523bdde947e7a305b8594b910a0fea2ab83c3c6d385" },
]

[[package]]
name = "kiwisolver"
version = "1.4.4"
source = { registry = "https://pypi.org/simple" }
sdist = { url = "https://files.pythonhosted.org/packages/5f/5c/272a7dd49a1914f35cd8d6d9f386defa8b047f6fbd06badd6b77b3ba24e7/kiwisolver-1.4.4.tar.gz", hash = "sha256:d41997519fcba4a1e46eb4a2fe31bc12f0ff957b2b81bac28db24744f333e955" }
wheels = [
    { url = "https://files.pythonhosted.org/packages/83/b7/f6386940bec20b842a097697a0396a0941cbc5262d4b619dee2cc123502b/kiwisolver-1.4.4-cp310-cp310-macosx_10_9_universal2.whl", hash = "sha256:2f5e60fabb7343a836360c4f0919b8cd0d6dbf08ad2ca6b9cf90bf0c76a3c4f6" },
    { url = "https://files.pythonhosted.org/packages/eb/db/b7ebaa2d35f9fb55f3ff8328b5e9dc049f6524dca737cea13e6235ab191d/kiwisolver-1.4.4-cp310-cp310-macosx_10_9_x86_64.whl", hash = "sha256:10ee06759482c78bdb864f4109886dff7b8a56529bc1609d4f1112b93fe6423c" },
    { url = "https://files.pythonhosted.org/packages/ee/c2/99b2d61dc246844498e68571c589e37ed7a866a4914cb2da2d66d141b596/kiwisolver-1.4.4-cp310-cp310-macosx_11_0_arm64.whl", hash = "sha256:c79ebe8f3676a4c6630fd3f777f3cfecf9289666c84e775a67d1d358578dc2e3" },
    { url = "https://files.pythonhosted.org/packages/a9/fd/049c39c4c501775f5439ba8e08bf298d5af828b99c703e265c5150311ccd/kiwisolver-1.4.4-cp310-cp310-manylinux_2_12_i686.manylinux2010_i686.whl", hash = "sha256:abbe9fa13da955feb8202e215c4018f4bb57469b1b78c7a4c5c7b93001699938" },
    { url = "https://files.pythonhosted.org/packages/79/0f/5cc4ca3df66c49817944b9a1c7343ba70aefffc868ddf651d7839cc5dffd/kiwisolver-1.4.4-cp310-cp310-manylinux_2_12_x86_64.manylinux2010_x86_64.whl", hash = "sha256:7577c1987baa3adc4b3c62c33bd1118c3ef5c8ddef36f0f2c950ae0b199e100d" },
    { url = "https://files.pythonhosted.org/packages/c7/cf/40d5c5d4f91b2d5cb3aadad9a1074964749a19e1054cef3d491cfa73a25e/kiwisolver-1.4.4-cp310-cp310-manylinux_2_17_aarch64.manylinux2014_aarch64.whl", hash = "sha256:f8ad8285b01b0d4695102546b342b493b3ccc6781fc28c8c6a1bb63e95d22f09" },
    { url = "https://files.pythonhosted.org/packages/cb/56/a7c407d437f82eb92954b618bbc71af28a3d88634901f69500d186209a85/kiwisolver-1.4.4-cp310-cp310-manylinux_2_17_ppc64le.manylinux2014_ppc64le.whl", hash = "sha256:8ed58b8acf29798b036d347791141767ccf65eee7f26bde03a71c944449e53de" },
    { url = "https://files.pythonhosted.org/packages/b7/e0/ee57a00f6bf411e54cf0521eceab306d1c606c5a640ee1b54951d2bd41b7/kiwisolver-1.4.4-cp310-cp310-manylinux_2_17_s390x.manylinux2014_s390x.whl", hash = "sha256:a68b62a02953b9841730db7797422f983935aeefceb1679f0fc85cbfbd311c32" },
    { url = "https://files.pythonhosted.org/packages/cf/93/52792dd319af16897c248e5e053a806ef83648212e66ec3738aaf7238094/kiwisolver-1.4.4-cp310-cp310-win32.whl", hash = "sha256:e92a513161077b53447160b9bd8f522edfbed4bd9759e4c18ab05d7ef7e49408" },
    { url = "https://files.pythonhosted.org/packages/68/20/2ce1186ef4edf47281faf58f6dd72a1fcd2be1fc66514bd2d220097bdcd1/kiwisolver-1.4.4-cp310-cp310-win_amd64.whl", hash = "sha256:3fe20f63c9ecee44560d0e7f116b3a747a5d7203376abeea292ab3152334d004" },
]

[[package]]
name = "llvmlite"
version = "0.39.1"
source = { registry = "https://pypi.org/simple" }
sdist = { url = "https://files.pythonhosted.org/packages/14/27/1468111538f33bd9fb13c0b2c1534c7a487cec8fadf14e318d73be18e4e1/llvmlite-0.39.1.tar.gz", hash = "sha256:b43abd7c82e805261c425d50335be9a6c4f84264e34d6d6e475207300005d572" }
wheels = [
    { url = "https://files.pythonhosted.org/packages/d8/fb/7bb4a1fa11420dd01fdd8c370a5f2c812a70f1f8acf5a45c2b4c2c9d6338/llvmlite-0.39.1-cp310-cp310-macosx_10_9_x86_64.whl", hash = "sha256:6717c7a6e93c9d2c3d07c07113ec80ae24af45cde536b34363d4bcd9188091d9" },
    { url = "https://files.pythonhosted.org/packages/d9/86/685e82d14156becc7d260a80b46af3a079004f51657e4a2957cf872445cb/llvmlite-0.39.1-cp310-cp310-macosx_11_0_arm64.whl", hash = "sha256:ddab526c5a2c4ccb8c9ec4821fcea7606933dc53f510e2a6eebb45a418d3488a" },
    { url = "https://files.pythonhosted.org/packages/36/83/b5125da6f8f59c9ed77e259444e30c67da3f287938a20a61ccaa8e0591e9/llvmlite-0.39.1-cp310-cp310-manylinux_2_17_aarch64.manylinux2014_aarch64.whl", hash = "sha256:a3f331a323d0f0ada6b10d60182ef06c20a2f01be21699999d204c5750ffd0b4" },
    { url = "https://files.pythonhosted.org/packages/82/7d/479ea497d2b453064c28e531339c070d70a4a92b8674dd587ab4e126d618/llvmlite-0.39.1-cp310-cp310-manylinux_2_17_i686.manylinux2014_i686.whl", hash = "sha256:e2c00ff204afa721b0bb9835b5bf1ba7fba210eefcec5552a9e05a63219ba0dc" },
    { url = "https://files.pythonhosted.org/packages/91/38/6b50b0a8ef737083dc2f4a359d42282b2fb104dae97674dcfc85a48c693b/llvmlite-0.39.1-cp310-cp310-manylinux_2_17_x86_64.manylinux2014_x86_64.whl", hash = "sha256:16f56eb1eec3cda3a5c526bc3f63594fc24e0c8d219375afeb336f289764c6c7" },
    { url = "https://files.pythonhosted.org/packages/09/1f/629a04882c9b3dea4848337b80c9b550d8c713dce87528f7f8c3ab3b277f/llvmlite-0.39.1-cp310-cp310-win32.whl", hash = "sha256:d0bfd18c324549c0fec2c5dc610fd024689de6f27c6cc67e4e24a07541d6e49b" },
    { url = "https://files.pythonhosted.org/packages/90/2c/fd3adee418409d8be7f4de0e183ed5fb0d18359f5a2367906e659b03b669/llvmlite-0.39.1-cp310-cp310-win_amd64.whl", hash = "sha256:7ebf1eb9badc2a397d4f6a6c8717447c81ac011db00064a00408bc83c923c0e4" },
]

[[package]]
name = "matplotlib"
version = "3.7.1"
source = { registry = "https://pypi.org/simple" }
dependencies = [
    { name = "contourpy" },
    { name = "cycler" },
    { name = "fonttools" },
    { name = "kiwisolver" },
    { name = "numpy" },
    { name = "packaging" },
    { name = "pillow" },
    { name = "pyparsing" },
    { name = "python-dateutil" },
]
sdist = { url = "https://files.pythonhosted.org/packages/b7/65/d6e00376dbdb6c227d79a2d6ec32f66cfb163f0cd924090e3133a4f85a11/matplotlib-3.7.1.tar.gz", hash = "sha256:7b73305f25eab4541bd7ee0b96d87e53ae9c9f1823be5659b806cd85786fe882" }
wheels = [
    { url = "https://files.pythonhosted.org/packages/62/6d/3817522ca223796703b68ffd38577582f2dc7a0c0dd410d1803e36b5e1db/matplotlib-3.7.1-cp310-cp310-macosx_10_12_universal2.whl", hash = "sha256:95cbc13c1fc6844ab8812a525bbc237fa1470863ff3dace7352e910519e194b1" },
    { url = "https://files.pythonhosted.org/packages/86/2b/a04f22015a03025a8c9c0363c4ecfd89eb45fc3af545ff838e02ac58b39d/matplotlib-3.7.1-cp310-cp310-macosx_10_12_x86_64.whl", hash = "sha256:08308bae9e91aca1ec6fd6dda66237eef9f6294ddb17f0d0b3c863169bf82353" },
    { url = "https://files.pythonhosted.org/packages/1d/24/72b0b7069d268b22c40f42d973f4b4971debd0f9ddc0fbf4753d5f0a2469/matplotlib-3.7.1-cp310-cp310-macosx_11_0_arm64.whl", hash = "sha256:544764ba51900da4639c0f983b323d288f94f65f4024dc40ecb1542d74dc0500" },
    { url = "https://files.pythonhosted.org/packages/8a/d3/35c62c9f64ddef5f25763580a10cb1ff4a19dc1a2bf940ad06dbb10b248d/matplotlib-3.7.1-cp310-cp310-manylinux_2_17_aarch64.manylinux2014_aarch64.whl", hash = "sha256:56d94989191de3fcc4e002f93f7f1be5da476385dde410ddafbb70686acf00ea" },
    { url = "https://files.pythonhosted.org/packages/13/0d/a3c01d8dd48957029f5ea5eac3d778fdedefaef43533597def65e29e5414/matplotlib-3.7.1-cp310-cp310-manylinux_2_17_i686.manylinux2014_i686.whl", hash = "sha256:e99bc9e65901bb9a7ce5e7bb24af03675cbd7c70b30ac670aa263240635999a4" },
    { url = "https://files.pythonhosted.org/packages/89/f3/84a9a6613ab0d89931d785f13fa2606e03f07252875acc8ebf5b676fa3c5/matplotlib-3.7.1-cp310-cp310-manylinux_2_17_x86_64.manylinux2014_x86_64.whl", hash = "sha256:eb7d248c34a341cd4c31a06fd34d64306624c8cd8d0def7abb08792a5abfd556" },
    { url = "https://files.pythonhosted.org/packages/a8/14/83b722ae5bec25cd1b44067d2165952aa0943af287ea06f2e1e594220805/matplotlib-3.7.1-cp310-cp310-win32.whl", hash = "sha256:ce463ce590f3825b52e9fe5c19a3c6a69fd7675a39d589e8b5fbe772272b3a24" },
    { url = "https://files.pythonhosted.org/packages/07/76/fde990f131450f08eb06e50814b98d347b14d7916c0ec31cba0a65a9be2b/matplotlib-3.7.1-cp310-cp310-win_amd64.whl", hash = "sha256:3d7bc90727351fb841e4d8ae620d2d86d8ed92b50473cd2b42ce9186104ecbba" },
]

[[package]]
name = "natsort"
version = "8.3.1"
source = { registry = "https://pypi.org/simple" }
sdist = { url = "https://files.pythonhosted.org/packages/47/2a/bf13bfc1a51b6df2f823909c6d4f674a256e3f29401825e1d56ca2a95dc9/natsort-8.3.1.tar.gz", hash = "sha256:517595492dde570a4fd6b6a76f644440c1ba51e2338c8a671d7f0475fda8f9fd" }
wheels = [
    { url = "https://files.pythonhosted.org/packages/5f/e1/70d203ba3ae5476f25fb8a2015d6a7ff156a4ce4795e36955c144ea5a826/natsort-8.3.1-py3-none-any.whl", hash = "sha256:d583bc9050dd10538de36297c960b93f873f0cd01671a3c50df5bd86dd391dcb" },
]

[[package]]
name = "networkx"
version = "3.1"
source = { registry = "https://pypi.org/simple" }
sdist = { url = "https://files.pythonhosted.org/packages/fd/a1/47b974da1a73f063c158a1f4cc33ed0abf7c04f98a19050e80c533c31f0c/networkx-3.1.tar.gz", hash = "sha256:de346335408f84de0eada6ff9fafafff9bcda11f0a0dfaa931133debb146ab61" }
wheels = [
    { url = "https://files.pythonhosted.org/packages/a8/05/9d4f9b78ead6b2661d6e8ea772e111fc4a9fbd866ad0c81906c11206b55e/networkx-3.1-py3-none-any.whl", hash = "sha256:4f33f68cb2afcf86f28a45f43efc27a9386b535d567d2127f8f61d51dec58d36" },
]

[[package]]
name = "numba"
version = "0.56.4"
source = { registry = "https://pypi.org/simple" }
dependencies = [
    { name = "llvmlite" },
    { name = "numpy" },
    { name = "setuptools" },
]
sdist = { url = "https://files.pythonhosted.org/packages/e2/1e/de917b683bb5f0b6078fb1397293eab84c4eaa825fbf94d73d6488eb354f/numba-0.56.4.tar.gz", hash = "sha256:32d9fef412c81483d7efe0ceb6cf4d3310fde8b624a9cecca00f790573ac96ee" }
wheels = [
    { url = "https://files.pythonhosted.org/packages/1a/66/de416cd8364c7e5cba8da9272809676e907e7045cdcb750f6ff5fff70c29/numba-0.56.4-cp310-cp310-macosx_10_14_x86_64.whl", hash = "sha256:9f62672145f8669ec08762895fe85f4cf0ead08ce3164667f2b94b2f62ab23c3" },
    { url = "https://files.pythonhosted.org/packages/95/39/41a11c34d56944f1bf49759f7e15d19d80508c0239ed9cd246a012374334/numba-0.56.4-cp310-cp310-macosx_11_0_arm64.whl", hash = "sha256:c602d015478b7958408d788ba00a50272649c5186ea8baa6cf71d4a1c761bba1" },
    { url = "https://files.pythonhosted.org/packages/28/8d/7b7dd56751eee1745c99dd6435d06c01ba40642cf3022b1c3e88d38a9dc0/numba-0.56.4-cp310-cp310-manylinux2014_aarch64.manylinux_2_17_aarch64.whl", hash = "sha256:85dbaed7a05ff96492b69a8900c5ba605551afb9b27774f7f10511095451137c" },
    { url = "https://files.pythonhosted.org/packages/dc/b0/b722cde279d5c879c1bb7a307337b16a25068818a4ff5ee2e01fd2c605b4/numba-0.56.4-cp310-cp310-manylinux2014_i686.manylinux_2_17_i686.whl", hash = "sha256:f4cfc3a19d1e26448032049c79fc60331b104f694cf570a9e94f4e2c9d0932bb" },
    { url = "https://files.pythonhosted.org/packages/58/a4/859605be01d9979fecde5e94ed6662d9a85853f9849f396d9a84455f4846/numba-0.56.4-cp310-cp310-manylinux2014_x86_64.manylinux_2_17_x86_64.whl", hash = "sha256:4e08e203b163ace08bad500b0c16f6092b1eb34fd1fce4feaf31a67a3a5ecf3b" },
    { url = "https://files.pythonhosted.org/packages/a2/70/28f2c417a3660784b0df35edea9ea9201663606c7cdcd3f81b32dae11321/numba-0.56.4-cp310-cp310-win32.whl", hash = "sha256:0611e6d3eebe4cb903f1a836ffdb2bda8d18482bcd0a0dcc56e79e2aa3fefef5" },
    { url = "https://files.pythonhosted.org/packages/fa/a1/e9dad5793d45f08401aa6983a93d53423ce4a403ae333937fa2448b263b2/numba-0.56.4-cp310-cp310-win_amd64.whl", hash = "sha256:fbfb45e7b297749029cb28694abf437a78695a100e7c2033983d69f0ba2698d4" },
]

[[package]]
name = "numpy"
version = "1.23.5"
source = { registry = "https://pypi.org/simple" }
sdist = { url = "https://files.pythonhosted.org/packages/42/38/775b43da55fa7473015eddc9a819571517d9a271a9f8134f68fb9be2f212/numpy-1.23.5.tar.gz", hash = "sha256:1b1766d6f397c18153d40015ddfc79ddb715cabadc04d2d228d4e5a8bc4ded1a" }
wheels = [
    { url = "https://files.pythonhosted.org/packages/0f/ae/dad4b8e7c65494cbbd1c063de114efaf9acd0f5f6171f044f0d4b6299787/numpy-1.23.5-cp310-cp310-macosx_10_9_x86_64.whl", hash = "sha256:9c88793f78fca17da0145455f0d7826bcb9f37da4764af27ac945488116efe63" },
    { url = "https://files.pythonhosted.org/packages/4d/39/d33202cc56c21123a50c6d5e160d00c18ff685ab864dbd4bf80dd40a7af9/numpy-1.23.5-cp310-cp310-macosx_11_0_arm64.whl", hash = "sha256:e9f4c4e51567b616be64e05d517c79a8a22f3606499941d97bb76f2ca59f982d" },
    { url = "https://files.pythonhosted.org/packages/67/6b/d7c93d458d16464da9b3f560a20c363a19e242ebbb019bd1e1d797523851/numpy-1.23.5-cp310-cp310-manylinux_2_17_aarch64.manylinux2014_aarch64.whl", hash = "sha256:7903ba8ab592b82014713c491f6c5d3a1cde5b4a3bf116404e08f5b52f6daf43" },
    { url = "https://files.pythonhosted.org/packages/e4/f3/679b3a042a127de0d7c84874913c3e23bb84646eb3bc6ecab3f8c872edc9/numpy-1.23.5-cp310-cp310-manylinux_2_17_x86_64.manylinux2014_x86_64.whl", hash = "sha256:5e05b1c973a9f858c74367553e236f287e749465f773328c8ef31abe18f691e1" },
    { url = "https://files.pythonhosted.org/packages/af/92/8efba008b9bda66456a1844a0e133dc76c08c5fb68c67a674f046211db29/numpy-1.23.5-cp310-cp310-win32.whl", hash = "sha256:522e26bbf6377e4d76403826ed689c295b0b238f46c28a7251ab94716da0b280" },
    { url = "https://files.pythonhosted.org/packages/6a/03/ae6c3c307f9c5c7516de3df3e764ebb1de33e54e197f0370992138433ef4/numpy-1.23.5-cp310-cp310-win_amd64.whl", hash = "sha256:dbee87b469018961d1ad79b1a5d50c0ae850000b639bcb1b694e9981083243b6" },
]

[[package]]
name = "packaging"
version = "23.1"
source = { registry = "https://pypi.org/simple" }
sdist = { url = "https://files.pythonhosted.org/packages/b9/6c/7c6658d258d7971c5eb0d9b69fa9265879ec9a9158031206d47800ae2213/packaging-23.1.tar.gz", hash = "sha256:a392980d2b6cffa644431898be54b0045151319d1e7ec34f0cfed48767dd334f" }
wheels = [
    { url = "https://files.pythonhosted.org/packages/ab/c3/57f0601a2d4fe15de7a553c00adbc901425661bf048f2a22dfc500caf121/packaging-23.1-py3-none-any.whl", hash = "sha256:994793af429502c4ea2ebf6bf664629d07c1a9fe974af92966e4b8d2df7edc61" },
]

[[package]]
name = "pandas"
version = "2.0.1"
source = { registry = "https://pypi.org/simple" }
dependencies = [
    { name = "numpy" },
    { name = "python-dateutil" },
    { name = "pytz" },
    { name = "tzdata" },
]
sdist = { url = "https://files.pythonhosted.org/packages/6c/e0/73987b6ecc7246e02ab557240843f93fd5adf45d1355abb458aa1f2a0932/pandas-2.0.1.tar.gz", hash = "sha256:19b8e5270da32b41ebf12f0e7165efa7024492e9513fb46fb631c5022ae5709d" }
wheels = [
    { url = "https://files.pythonhosted.org/packages/17/10/712e0566d1f561d1fcbb8f620523bc1777c7f1183365b5747b74e0585637/pandas-2.0.1-cp310-cp310-macosx_10_9_x86_64.whl", hash = "sha256:70a996a1d2432dadedbb638fe7d921c88b0cc4dd90374eab51bb33dc6c0c2a12" },
    { url = "https://files.pythonhosted.org/packages/41/07/4bf208b31ae6e78a70baa706c5cb90c02d458d418a707c193466bf8cd4e5/pandas-2.0.1-cp310-cp310-macosx_11_0_arm64.whl", hash = "sha256:909a72b52175590debbf1d0c9e3e6bce2f1833c80c76d80bd1aa09188be768e5" },
    { url = "https://files.pythonhosted.org/packages/a3/6b/adebe4415a929833cce8f63465b19386382ec855ab161a21ab08344a7a43/pandas-2.0.1-cp310-cp310-manylinux_2_17_aarch64.manylinux2014_aarch64.whl", hash = "sha256:fe7914d8ddb2d54b900cec264c090b88d141a1eed605c9539a187dbc2547f022" },
    { url = "https://files.pythonhosted.org/packages/a3/40/eca46f6af07a83ea3b8706586b2d8a28c01bdccee789d24f2ccc5e148b28/pandas-2.0.1-cp310-cp310-manylinux_2_17_x86_64.manylinux2014_x86_64.whl", hash = "sha256:0a514ae436b23a92366fbad8365807fc0eed15ca219690b3445dcfa33597a5cc" },
    { url = "https://files.pythonhosted.org/packages/6f/cf/d52394af3194f41db6cf99ec0975e913ad1bab14b69962d7ae7da5e4f01a/pandas-2.0.1-cp310-cp310-win32.whl", hash = "sha256:12bd6618e3cc737c5200ecabbbb5eaba8ab645a4b0db508ceeb4004bb10b060e" },
    { url = "https://files.pythonhosted.org/packages/90/30/8b857447b0f4b59d5bd84e934e82ef8c82b73d71d1c9611c8aaaa8d44a50/pandas-2.0.1-cp310-cp310-win_amd64.whl", hash = "sha256:2b6fe5f7ce1cba0e74188c8473c9091ead9b293ef0a6794939f8cc7947057abd" },
]

[[package]]
name = "patsy"
version = "0.5.3"
source = { registry = "https://pypi.org/simple" }
dependencies = [
    { name = "numpy" },
    { name = "six" },
]
sdist = { url = "https://files.pythonhosted.org/packages/2c/93/3b7db0bb8f1143f8ddb84f931719e7a538e3092c6898e5cdf65e1ed44fcb/patsy-0.5.3.tar.gz", hash = "sha256:bdc18001875e319bc91c812c1eb6a10be4bb13cb81eb763f466179dca3b67277" }
wheels = [
    { url = "https://files.pythonhosted.org/packages/2a/e4/b3263b0e353f2be7b14f044d57874490c9cef1798a435f038683acea5c98/patsy-0.5.3-py2.py3-none-any.whl", hash = "sha256:7eb5349754ed6aa982af81f636479b1b8db9d5b1a6e957a6016ec0534b5c86b7" },
]

[[package]]
name = "pillow"
version = "9.5.0"
source = { registry = "https://pypi.org/simple" }
sdist = { url = "https://files.pythonhosted.org/packages/00/d5/4903f310765e0ff2b8e91ffe55031ac6af77d982f0156061e20a4d1a8b2d/Pillow-9.5.0.tar.gz", hash = "sha256:bf548479d336726d7a0eceb6e767e179fbde37833ae42794602631a070d630f1" }
wheels = [
    { url = "https://files.pythonhosted.org/packages/1b/bc/cff591742feea45f88a3b8a83f7cab4a1dcdb4bcdfc51a06d92f96c81165/Pillow-9.5.0-cp310-cp310-macosx_10_10_x86_64.whl", hash = "sha256:ace6ca218308447b9077c14ea4ef381ba0b67ee78d64046b3f19cf4e1139ad16" },
    { url = "https://files.pythonhosted.org/packages/38/06/de304914ecd2c911939a28579546bd4d9b6ae0b3c07ce5fe9bd7d100eb34/Pillow-9.5.0-cp310-cp310-macosx_11_0_arm64.whl", hash = "sha256:d3d403753c9d5adc04d4694d35cf0391f0f3d57c8e0030aac09d7678fa8030aa" },
    { url = "https://files.pythonhosted.org/packages/9a/57/7864b6a22acb5f1d4b70af8c92cbd5e3af25f4d5869c24cd8074ca1f3593/Pillow-9.5.0-cp310-cp310-manylinux_2_17_aarch64.manylinux2014_aarch64.whl", hash = "sha256:5ba1b81ee69573fe7124881762bb4cd2e4b6ed9dd28c9c60a632902fe8db8b38" },
    { url = "https://files.pythonhosted.org/packages/62/88/46a35f690ee4f8b08aef5fdb47f63d29c34f6874834155e52bf4456d9566/Pillow-9.5.0-cp310-cp310-manylinux_2_17_i686.manylinux2014_i686.whl", hash = "sha256:fe7e1c262d3392afcf5071df9afa574544f28eac825284596ac6db56e6d11062" },
    { url = "https://files.pythonhosted.org/packages/59/1d/26a56ed1deae695a8c7d13fb514284ba8b9fd62bab9ebe6d6b474523b8b0/Pillow-9.5.0-cp310-cp310-manylinux_2_17_x86_64.manylinux2014_x86_64.whl", hash = "sha256:8f36397bf3f7d7c6a3abdea815ecf6fd14e7fcd4418ab24bae01008d8d8ca15e" },
    { url = "https://files.pythonhosted.org/packages/d4/36/d22b0fac821a14572fdb9a8015b2bf19ee81eaa560ea25a6772760c86a30/Pillow-9.5.0-cp310-cp310-manylinux_2_28_aarch64.whl", hash = "sha256:252a03f1bdddce077eff2354c3861bf437c892fb1832f75ce813ee94347aa9b5" },
    { url = "https://files.pythonhosted.org/packages/25/6b/d3c35d207c9c0b6c2f855420f62e64ef43d348e8c797ad1c32b9f2106a19/Pillow-9.5.0-cp310-cp310-manylinux_2_28_x86_64.whl", hash = "sha256:85ec677246533e27770b0de5cf0f9d6e4ec0c212a1f89dfc941b64b21226009d" },
    { url = "https://files.pythonhosted.org/packages/7a/6a/a7df39c502caeadd942d8bf97bc2fdfc819fbdc7499a2ab05e7db43611ac/Pillow-9.5.0-cp310-cp310-musllinux_1_1_aarch64.whl", hash = "sha256:b416f03d37d27290cb93597335a2f85ed446731200705b22bb927405320de903" },
    { url = "https://files.pythonhosted.org/packages/2e/ad/d29c8c48498da680521665b8483beb78a9343269bbd0730970e9396b01f0/Pillow-9.5.0-cp310-cp310-musllinux_1_1_x86_64.whl", hash = "sha256:1781a624c229cb35a2ac31cc4a77e28cafc8900733a864870c49bfeedacd106a" },
    { url = "https://files.pythonhosted.org/packages/93/54/9d7f01fd3fe4069c88827728646e3c8f1aff0995e8422d841b38f034f39a/Pillow-9.5.0-cp310-cp310-win32.whl", hash = "sha256:8507eda3cd0608a1f94f58c64817e83ec12fa93a9436938b191b80d9e4c0fc44" },
    { url = "https://files.pythonhosted.org/packages/3e/14/0030e542f2acfea43635e55584c114e6cfd94d342393a5f71f74c172dc35/Pillow-9.5.0-cp310-cp310-win_amd64.whl", hash = "sha256:d3c6b54e304c60c4181da1c9dadf83e4a54fd266a99c70ba646a9baa626819eb" },
]

[[package]]
name = "pynndescent"
version = "0.5.10"
source = { registry = "https://pypi.org/simple" }
dependencies = [
    { name = "joblib" },
    { name = "llvmlite" },
    { name = "numba" },
    { name = "scikit-learn" },
    { name = "scipy" },
]
sdist = { url = "https://files.pythonhosted.org/packages/8f/a2/b6a62a42a075abe06839d725f29c2757f3bb8fdd53746c0a685ae90e1294/pynndescent-0.5.10.tar.gz", hash = "sha256:5d5dc683c03ef55fe3ddf693859720ca18f85c6e6e5bb0b4f14870278d5288ad" }

[[package]]
name = "pyparsing"
version = "3.0.9"
source = { registry = "https://pypi.org/simple" }
sdist = { url = "https://files.pythonhosted.org/packages/71/22/207523d16464c40a0310d2d4d8926daffa00ac1f5b1576170a32db749636/pyparsing-3.0.9.tar.gz", hash = "sha256:2b020ecf7d21b687f219b71ecad3631f644a47f01403fa1d1036b0c6416d70fb" }
wheels = [
    { url = "https://files.pythonhosted.org/packages/6c/10/a7d0fa5baea8fe7b50f448ab742f26f52b80bfca85ac2be9d35cdd9a3246/pyparsing-3.0.9-py3-none-any.whl", hash = "sha256:5026bae9a10eeaefb61dab2f09052b9f4307d44aee4eda64b309723d8d206bbc" },
]

[[package]]
name = "python-dateutil"
version = "2.8.2"
source = { registry = "https://pypi.org/simple" }
dependencies = [
    { name = "six" },
]
sdist = { url = "https://files.pythonhosted.org/packages/4c/c4/13b4776ea2d76c115c1d1b84579f3764ee6d57204f6be27119f13a61d0a9/python-dateutil-2.8.2.tar.gz", hash = "sha256:0123cacc1627ae19ddf3c27a5de5bd67ee4586fbdd6440d9748f8abb483d3e86" }
wheels = [
    { url = "https://files.pythonhosted.org/packages/36/7a/87837f39d0296e723bb9b62bbb257d0355c7f6128853c78955f57342a56d/python_dateutil-2.8.2-py2.py3-none-any.whl", hash = "sha256:961d03dc3453ebbc59dbdea9e4e11c5651520a876d0f4db161e8674aae935da9" },
]

[[package]]
name = "pytz"
version = "2023.3"
source = { registry = "https://pypi.org/simple" }
sdist = { url = "https://files.pythonhosted.org/packages/5e/32/12032aa8c673ee16707a9b6cdda2b09c0089131f35af55d443b6a9c69c1d/pytz-2023.3.tar.gz", hash = "sha256:1d8ce29db189191fb55338ee6d0387d82ab59f3d00eac103412d64e0ebd0c588" }
wheels = [
    { url = "https://files.pythonhosted.org/packages/7f/99/ad6bd37e748257dd70d6f85d916cafe79c0b0f5e2e95b11f7fbc82bf3110/pytz-2023.3-py2.py3-none-any.whl", hash = "sha256:a151b3abb88eda1d4e34a9814df37de2a80e301e68ba0fd856fb9b46bfbbbffb" },
]

[[package]]
name = "scanpy"
version = "1.9.3"
source = { registry = "https://pypi.org/simple" }
dependencies = [
    { name = "anndata" },
    { name = "h5py" },
    { name = "joblib" },
    { name = "matplotlib" },
    { name = "natsort" },
    { name = "networkx" },
    { name = "numba" },
    { name = "numpy" },
    { name = "packaging" },
    { name = "pandas" },
    { name = "patsy" },
    { name = "scikit-learn" },
    { name = "scipy" },
    { name = "seaborn" },
    { name = "session-info" },
    { name = "statsmodels" },
    { name = "tqdm" },
    { name = "umap-learn" },
]
sdist = { url = "https://files.pythonhosted.org/packages/47/d5/7e580b69ac0279688c4739a508c8fa734998bfce984efba2d0755e4f0068/scanpy-1.9.3.tar.gz", hash = "sha256:dfe65f9acd9f4c1740079a099f89fa6a44b6f0ef75ecaf85247ad4af859144d7" }
wheels = [
    { url = "https://files.pythonhosted.org/packages/8e/7b/a5bf0891a36069db8c0dbc3e5ffe35447b4b54f3f3de12af3202cedb00fa/scanpy-1.9.3-py3-none-any.whl", hash = "sha256:e1d9b44067de401bca89ef1932e00bc73019f4d67d3907361044618f53bc3767" },
]

[[package]]
name = "scikit-learn"
version = "1.2.2"
source = { registry = "https://pypi.org/simple" }
dependencies = [
    { name = "joblib" },
    { name = "numpy" },
    { name = "scipy" },
    { name = "threadpoolctl" },
]
sdist = { url = "https://files.pythonhosted.org/packages/c9/fa/8e158d81e3602da1e7bafbd4987938bc003fe4b0f44d65681e7f8face95a/scikit-learn-1.2.2.tar.gz", hash = "sha256:8429aea30ec24e7a8c7ed8a3fa6213adf3814a6efbea09e16e0a0c71e1a1a3d7" }
wheels = [
    { url = "https://files.pythonhosted.org/packages/3c/21/ee21352f69a980614cb4193d68a64a83aa2c0f80183c9485d6d61821a922/scikit_learn-1.2.2-cp310-cp310-macosx_10_9_x86_64.whl", hash = "sha256:99cc01184e347de485bf253d19fcb3b1a3fb0ee4cea5ee3c43ec0cc429b6d29f" },
    { url = "https://files.pythonhosted.org/packages/5a/43/5c4d21217df6a033999ee531fdfd52809263727b4afb26f7196a8ec709ae/scikit_learn-1.2.2-cp310-cp310-macosx_12_0_arm64.whl", hash = "sha256:e6e574db9914afcb4e11ade84fab084536a895ca60aadea3041e85b8ac963edb" },
    { url = "https://files.pythonhosted.org/packages/48/92/a39d1c9e0a6cb5ed4112899ecca590138484356ba8c4274dde6c3893ff14/scikit_learn-1.2.2-cp310-cp310-manylinux_2_17_aarch64.manylinux2014_aarch64.whl", hash = "sha256:6fe83b676f407f00afa388dd1fdd49e5c6612e551ed84f3b1b182858f09e987d" },
    { url = "https://files.pythonhosted.org/packages/fa/1e/36d7609e84b50d4a2e5bc43cd5013d9ea885799e5813a1e9cf5bb1afd3f4/scikit_learn-1.2.2-cp310-cp310-manylinux_2_17_x86_64.manylinux2014_x86_64.whl", hash = "sha256:2e2642baa0ad1e8f8188917423dd73994bf25429f8893ddbe115be3ca3183584" },
    { url = "https://files.pythonhosted.org/packages/f4/4d/fe3b35e18407da4b386be58616bd0f941ea1762a6c6798267f3aa64ef5d5/scikit_learn-1.2.2-cp310-cp310-win_amd64.whl", hash = "sha256:ad66c3848c0a1ec13464b2a95d0a484fd5b02ce74268eaa7e0c697b904f31d6c" },
]

[[package]]
name = "scipy"
version = "1.10.1"
source = { registry = "https://pypi.org/simple" }
dependencies = [
    { name = "numpy" },
]
sdist = { url = "https://files.pythonhosted.org/packages/84/a9/2bf119f3f9cff1f376f924e39cfae18dec92a1514784046d185731301281/scipy-1.10.1.tar.gz", hash = "sha256:2cf9dfb80a7b4589ba4c40ce7588986d6d5cebc5457cad2c2880f6bc2d42f3a5" }
wheels = [
    { url = "https://files.pythonhosted.org/packages/0a/ac/b1f1bbf7b01d96495f35be003b881f10f85bf6559efb6e9578da832c2140/scipy-1.10.1-cp310-cp310-macosx_10_9_x86_64.whl", hash = "sha256:e7354fd7527a4b0377ce55f286805b34e8c54b91be865bac273f527e1b839019" },
    { url = "https://files.pythonhosted.org/packages/ea/e5/452086ebed676ce4000ceb5eeeb0ee4f8c6f67c7e70fb9323a370ff95c1f/scipy-1.10.1-cp310-cp310-macosx_12_0_arm64.whl", hash = "sha256:4b3f429188c66603a1a5c549fb414e4d3bdc2a24792e061ffbd607d3d75fd84e" },
    { url = "https://files.pythonhosted.org/packages/04/0b/a1b119c869b79a2ab459b7f9fd7e2dea75a9c7d432e64e915e75586bd00b/scipy-1.10.1-cp310-cp310-manylinux_2_17_aarch64.manylinux2014_aarch64.whl", hash = "sha256:1553b5dcddd64ba9a0d95355e63fe6c3fc303a8fd77c7bc91e77d61363f7433f" },
    { url = "https://files.pythonhosted.org/packages/1f/4b/3bacad9a166350cb2e518cea80ab891016933cc1653f15c90279512c5fa9/scipy-1.10.1-cp310-cp310-manylinux_2_17_x86_64.manylinux2014_x86_64.whl", hash = "sha256:4c0ff64b06b10e35215abce517252b375e580a6125fd5fdf6421b98efbefb2d2" },
    { url = "https://files.pythonhosted.org/packages/ec/e3/b06ac3738bf365e89710205a471abe7dceec672a51c244b469bc5d1291c7/scipy-1.10.1-cp310-cp310-win_amd64.whl", hash = "sha256:fae8a7b898c42dffe3f7361c40d5952b6bf32d10c4569098d276b4c547905ee1" },
]

[[package]]
name = "seaborn"
version = "0.12.2"
source = { registry = "https://pypi.org/simple" }
dependencies = [
    { name = "matplotlib" },
    { name = "numpy" },
    { name = "pandas" },
]
sdist = { url = "https://files.pythonhosted.org/packages/8a/77/5cde8bc47df770486acf64f550839b4136d1696e5e4d57ce33fa1823972b/seaborn-0.12.2.tar.gz", hash = "sha256:374645f36509d0dcab895cba5b47daf0586f77bfe3b36c97c607db7da5be0139" }
wheels = [
    { url = "https://files.pythonhosted.org/packages/8f/2e/17bbb83fbf102687bb2aa3d808add39da820a7698159302a1a69bb82e01c/seaborn-0.12.2-py3-none-any.whl", hash = "sha256:ebf15355a4dba46037dfd65b7350f014ceb1f13c05e814eda2c9f5fd731afc08" },
]

[[package]]
name = "session-info"
version = "1.0.0"
source = { registry = "https://pypi.org/simple" }
dependencies = [
    { name = "stdlib-list" },
]
sdist = { url = "https://files.pythonhosted.org/packages/94/e4/ea615bb8185a298b21df1ac52a4a5db4e3351823a218f47ef3f883def88c/session_info-1.0.0.tar.gz", hash = "sha256:3cda5e03cca703f32ae2eadbd6bd80b6c21442cfb60e412c21cb8ad6d5cbb6b7" }

[[package]]
name = "setuptools"
version = "67.7.2"
source = { registry = "https://pypi.org/simple" }
sdist = { url = "https://files.pythonhosted.org/packages/fd/53/e5d7ae40d03e4ed20b7cba317cf9c0c97097c8debb39f9d72d182a6578a2/setuptools-67.7.2.tar.gz", hash = "sha256:f104fa03692a2602fa0fec6c6a9e63b6c8a968de13e17c026957dd1f53d80990" }
wheels = [
    { url = "https://files.pythonhosted.org/packages/2f/8c/f336a966d4097c7cef6fc699b2ecb83b5fb63fd698198c1b5c7905a74f0f/setuptools-67.7.2-py3-none-any.whl", hash = "sha256:23aaf86b85ca52ceb801d32703f12d77517b2556af839621c641fca11287952b" },
]

[[package]]
name = "six"
version = "1.16.0"
source = { registry = "https://pypi.org/simple" }
sdist = { url = "https://files.pythonhosted.org/packages/71/39/171f1c67cd00715f190ba0b100d606d440a28c93c7714febeca8b79af85e/six-1.16.0.tar.gz", hash = "sha256:1e61c37477a1626458e36f7b1d82aa5c9b094fa4802892072e49de9c60c4c926" }
wheels = [
    { url = "https://files.pythonhosted.org/packages/d9/5a/e7c31adbe875f2abbb91bd84cf2dc52d792b5a01506781dbcf25c91daf11/six-1.16.0-py2.py3-none-any.whl", hash = "sha256:8abb2f1d86890a2dfb989f9a77cfcfd3e47c2a354b01111771326f8aa26e0254" },
]

[[package]]
name = "statsmodels"
version = "0.13.5"
source = { registry = "https://pypi.org/simple" }
dependencies = [
    { name = "numpy" },
    { name = "packaging" },
    { name = "pandas" },
    { name = "patsy" },
    { name = "scipy" },
]
sdist = { url = "https://files.pythonhosted.org/packages/a4/7d/a919dbad04ec31741eee6a7f7df4a9a9e57e3b863900e48b079a6b832aab/statsmodels-0.13.5.tar.gz", hash = "sha256:593526acae1c0fda0ea6c48439f67c3943094c542fe769f8b90fe9e6c6cc4871" }
wheels = [
    { url = "https://files.pythonhosted.org/packages/34/43/f47848a73f8d0a57b54a00bc5a75ca3e4671e90d66d335de341066900960/statsmodels-0.13.5-cp310-cp310-macosx_10_9_x86_64.whl", hash = "sha256:c75319fddded9507cc310fc3980e4ae4d64e3ff37b322ad5e203a84f89d85203" },
    { url = "https://files.pythonhosted.org/packages/e0/9c/3f92cb98d9e632ad8e38b9bb45f332be57c6cc74852da936a18f97f76ab7/statsmodels-0.13.5-cp310-cp310-macosx_11_0_arm64.whl", hash = "sha256:6f148920ef27c7ba69a5735724f65de9422c0c8bcef71b50c846b823ceab8840" },
    { url = "https://files.pythonhosted.org/packages/52/b5/03f8ed0206df4f7afe05cf044abe3ce2b6812e69f9976ef907b1eee91b8d/statsmodels-0.13.5-cp310-cp310-manylinux_2_17_aarch64.manylinux2014_aarch64.whl", hash = "sha256:5cc4d3e866bfe0c4f804bca362d0e7e29d24b840aaba8d35a754387e16d2a119" },
    { url = "https://files.pythonhosted.org/packages/b1/a5/3e573d7e0f79e8052628357ae75109b34293556fcd0709e75dee25eed0e4/statsmodels-0.13.5-cp310-cp310-manylinux_2_17_x86_64.manylinux2014_x86_64.whl", hash = "sha256:072950d6f7820a6b0bd6a27b2d792a6d6f952a1d2f62f0dcf8dd808799475855" },
    { url = "https://files.pythonhosted.org/packages/bf/0b/7f303511e59a4434dd0e9a8c4d550b7a5f32acb7c94821ccd3a465ef3137/statsmodels-0.13.5-cp310-cp310-win_amd64.whl", hash = "sha256:159ae9962c61b31dcffe6356d72ae3d074bc597ad9273ec93ae653fe607b8516" },
]

[[package]]
name = "stdlib-list"
version = "0.8.0"
source = { registry = "https://pypi.org/simple" }
sdist = { url = "https://files.pythonhosted.org/packages/bb/01/237cea071fd305f162ebbe1db18a59b56b0b5fdff19533c9a1beea0bdee7/stdlib-list-0.8.0.tar.gz", hash = "sha256:a1e503719720d71e2ed70ed809b385c60cd3fb555ba7ec046b96360d30b16d9f" }
wheels = [
    { url = "https://files.pythonhosted.org/packages/7a/b1/52f59dcf31ead2f0ceff8976288449608d912972b911f55dff712cef5719/stdlib_list-0.8.0-py3-none-any.whl", hash = "sha256:2ae0712a55b68f3fbbc9e58d6fa1b646a062188f49745b495f94d3310a9fdd3e" },
]

[[package]]
name = "threadpoolctl"
version = "3.1.0"
source = { registry = "https://pypi.org/simple" }
sdist = { url = "https://files.pythonhosted.org/packages/1b/c7/3d85f8b3894ba7228d0c74e16e97a36a72b2cd2b0e0f8f89b5d435d11f71/threadpoolctl-3.1.0.tar.gz", hash = "sha256:a335baacfaa4400ae1f0d8e3a58d6674d2f8828e3716bb2802c44955ad391380" }
wheels = [
    { url = "https://files.pythonhosted.org/packages/61/cf/6e354304bcb9c6413c4e02a747b600061c21d38ba51e7e544ac7bc66aecc/threadpoolctl-3.1.0-py3-none-any.whl", hash = "sha256:8b99adda265feb6773280df41eece7b2e6561b772d21ffd52e372f999024907b" },
]

[[package]]
name = "tqdm"
version = "4.65.0"
source = { registry = "https://pypi.org/simple" }
dependencies = [
    { name = "colorama", marker = "sys_platform == 'win32'" },
]
sdist = { url = "https://files.pythonhosted.org/packages/3d/78/81191f56abb7d3d56963337dbdff6aa4f55805c8afd8bad64b0a34199e9b/tqdm-4.65.0.tar.gz", hash = "sha256:1871fb68a86b8fb3b59ca4cdd3dcccbc7e6d613eeed31f4c332531977b89beb5" }
wheels = [
    { url = "https://files.pythonhosted.org/packages/e6/02/a2cff6306177ae6bc73bc0665065de51dfb3b9db7373e122e2735faf0d97/tqdm-4.65.0-py3-none-any.whl", hash = "sha256:c4f53a17fe37e132815abceec022631be8ffe1b9381c2e6e30aa70edc99e9671" },
]

[[package]]
name = "tzdata"
version = "2023.3"
source = { registry = "https://pypi.org/simple" }
sdist = { url = "https://files.pythonhosted.org/packages/70/e5/81f99b9fced59624562ab62a33df639a11b26c582be78864b339dafa420d/tzdata-2023.3.tar.gz", hash = "sha256:11ef1e08e54acb0d4f95bdb1be05da659673de4acbd21bf9c69e94cc5e907a3a" }
wheels = [
    { url = "https://files.pythonhosted.org/packages/d5/fb/a79efcab32b8a1f1ddca7f35109a50e4a80d42ac1c9187ab46522b2407d7/tzdata-2023.3-py2.py3-none-any.whl", hash = "sha256:7e65763eef3120314099b6939b5546db7adce1e7d6f2e179e3df563c70511eda" },
]

[[package]]
name = "umap-learn"
version = "0.5.3"
source = { registry = "https://pypi.org/simple" }
dependencies = [
    { name = "numba" },
    { name = "numpy" },
    { name = "pynndescent" },
    { name = "scikit-learn" },
    { name = "scipy" },
    { name = "tqdm" },
]
sdist = { url = "https://files.pythonhosted.org/packages/e1/eb/dca6cfd872e8542fb57dd56ff2d5d67baed270aee6db739c6414d8d5b3b5/umap-learn-0.5.3.tar.gz", hash = "sha256:dbd57cb181c2b66d238acb5635697526bf24c798082daed0cf9b87f6a3a6c0c7" }

[[package]]
name = "wrapt"
version = "1.15.0"
source = { registry = "https://pypi.org/simple" }
sdist = { url = "https://files.pythonhosted.org/packages/f8/7d/73e4e3cdb2c780e13f9d87dc10488d7566d8fd77f8d68f0e416bfbd144c7/wrapt-1.15.0.tar.gz", hash = "sha256:d06730c6aed78cee4126234cf2d071e01b44b915e725a6cb439a879ec9754a3a" }
wheels = [
    { url = "https://files.pythonhosted.org/packages/0c/6e/f80c23efc625c10460240e31dcb18dd2b34b8df417bc98521fbfd5bc2e9a/wrapt-1.15.0-cp310-cp310-macosx_10_9_x86_64.whl", hash = "sha256:21f6d9a0d5b3a207cdf7acf8e58d7d13d463e639f0c7e01d82cdb671e6cb7923" },
    { url = "https://files.pythonhosted.org/packages/96/37/a33c1220e8a298ab18eb070b6a59e4ccc3f7344b434a7ac4bd5d4bdccc97/wrapt-1.15.0-cp310-cp310-macosx_11_0_arm64.whl", hash = "sha256:ce42618f67741d4697684e501ef02f29e758a123aa2d669e2d964ff734ee00ee" },
    { url = "https://files.pythonhosted.org/packages/fb/bd/ca7fd05a45e7022f3b780a709bbdb081a6138d828ecdb5b7df113a3ad3be/wrapt-1.15.0-cp310-cp310-manylinux_2_17_aarch64.manylinux2014_aarch64.whl", hash = "sha256:41d07d029dd4157ae27beab04d22b8e261eddfc6ecd64ff7000b10dc8b3a5727" },
    { url = "https://files.pythonhosted.org/packages/94/55/91dd3a7efbc1db2b07bbfc490d48e8484852c355d55e61e8b1565d7725f6/wrapt-1.15.0-cp310-cp310-manylinux_2_5_i686.manylinux1_i686.manylinux_2_17_i686.manylinux2014_i686.whl", hash = "sha256:54accd4b8bc202966bafafd16e69da9d5640ff92389d33d28555c5fd4f25ccb7" },
    { url = "https://files.pythonhosted.org/packages/7f/b6/6dc0ddacd20337b4ce6ab0d6b0edc7da3898f85c4f97df7f30267e57509e/wrapt-1.15.0-cp310-cp310-manylinux_2_5_x86_64.manylinux1_x86_64.manylinux_2_17_x86_64.manylinux2014_x86_64.whl", hash = "sha256:2fbfbca668dd15b744418265a9607baa970c347eefd0db6a518aaf0cfbd153c0" },
    { url = "https://files.pythonhosted.org/packages/48/65/0061e7432ca4b635e96e60e27e03a60ddaca3aeccc30e7415fed0325c3c2/wrapt-1.15.0-cp310-cp310-musllinux_1_1_aarch64.whl", hash = "sha256:76e9c727a874b4856d11a32fb0b389afc61ce8aaf281ada613713ddeadd1cfec" },
    { url = "https://files.pythonhosted.org/packages/88/f1/4dfaa1ad111d2a48429dca133e46249922ee2f279e9fdd4ab5b149cd6c71/wrapt-1.15.0-cp310-cp310-musllinux_1_1_i686.whl", hash = "sha256:e20076a211cd6f9b44a6be58f7eeafa7ab5720eb796975d0c03f05b47d89eb90" },
    { url = "https://files.pythonhosted.org/packages/2b/fb/c31489631bb94ac225677c1090f787a4ae367614b5277f13dbfde24b2b69/wrapt-1.15.0-cp310-cp310-musllinux_1_1_x86_64.whl", hash = "sha256:a74d56552ddbde46c246b5b89199cb3fd182f9c346c784e1a93e4dc3f5ec9975" },
    { url = "https://files.pythonhosted.org/packages/a9/64/886e512f438f12424b48a3ab23ae2583ec633be6e13eb97b0ccdff8e328a/wrapt-1.15.0-cp310-cp310-win32.whl", hash = "sha256:26458da5653aa5b3d8dc8b24192f574a58984c749401f98fff994d41d3f08da1" },
    { url = "https://files.pythonhosted.org/packages/a6/32/f4868adc994648fac4cfe347bcc1381c9afcb1602c8ba0910f36b96c5449/wrapt-1.15.0-cp310-cp310-win_amd64.whl", hash = "sha256:75760a47c06b5974aa5e01949bf7e66d2af4d08cb8c1d6516af5e39595397f5e" },
    { url = "https://files.pythonhosted.org/packages/f8/f8/e068dafbb844c1447c55b23c921f3d338cddaba4ea53187a7dd0058452d9/wrapt-1.15.0-py3-none-any.whl", hash = "sha256:64b1df0f83706b4ef4cfb4fb0e4c2669100fd7ecacfb59e091fad300d4e04640" },
]
